
Microsoft Visual Studio Solution File, Format Version 12.00
# Visual Studio 15
VisualStudioVersion = 15.0.28307.1145
MinimumVisualStudioVersion = 10.0.40219.1
Project("{8BC9CEB8-8B4A-11D0-8D11-00A0C91BC942}") = "TEST", "TEST\TEST.vcxproj", "{D54FFCCA-05D8-4BB4-9E71-3C98890A6435}"
EndProject
Project("{8BC9CEB8-8B4A-11D0-8D11-00A0C91BC942}") = "CG_Prac_7", "..\CG_Prac_7\CG_Prac_7\CG_Prac_7.vcxproj", "{9DACF88D-6121-4D7A-8468-357D6BDB0F1B}"
EndProject
Global
	GlobalSection(SolutionConfigurationPlatforms) = preSolution
		Debug|x64 = Debug|x64
		Debug|x86 = Debug|x86
		Release|x64 = Release|x64
		Release|x86 = Release|x86
	EndGlobalSection
	GlobalSection(ProjectConfigurationPlatforms) = postSolution
		{D54FFCCA-05D8-4BB4-9E71-3C98890A6435}.Debug|x64.ActiveCfg = Debug|x64
		{D54FFCCA-05D8-4BB4-9E71-3C98890A6435}.Debug|x64.Build.0 = Debug|x64
		{D54FFCCA-05D8-4BB4-9E71-3C98890A6435}.Debug|x86.ActiveCfg = Debug|Win32
		{D54FFCCA-05D8-4BB4-9E71-3C98890A6435}.Debug|x86.Build.0 = Debug|Win32
		{D54FFCCA-05D8-4BB4-9E71-3C98890A6435}.Release|x64.ActiveCfg = Release|x64
		{D54FFCCA-05D8-4BB4-9E71-3C98890A6435}.Release|x64.Build.0 = Release|x64
		{D54FFCCA-05D8-4BB4-9E71-3C98890A6435}.Release|x86.ActiveCfg = Release|Win32
		{D54FFCCA-05D8-4BB4-9E71-3C98890A6435}.Release|x86.Build.0 = Release|Win32
		{9DACF88D-6121-4D7A-8468-357D6BDB0F1B}.Debug|x64.ActiveCfg = Debug|x64
		{9DACF88D-6121-4D7A-8468-357D6BDB0F1B}.Debug|x64.Build.0 = Debug|x64
		{9DACF88D-6121-4D7A-8468-357D6BDB0F1B}.Debug|x86.ActiveCfg = Debug|Win32
		{9DACF88D-6121-4D7A-8468-357D6BDB0F1B}.Debug|x86.Build.0 = Debug|Win32
		{9DACF88D-6121-4D7A-8468-357D6BDB0F1B}.Release|x64.ActiveCfg = Release|x64
		{9DACF88D-6121-4D7A-8468-357D6BDB0F1B}.Release|x64.Build.0 = Release|x64
		{9DACF88D-6121-4D7A-8468-357D6BDB0F1B}.Release|x86.ActiveCfg = Release|Win32
		{9DACF88D-6121-4D7A-8468-357D6BDB0F1B}.Release|x86.Build.0 = Release|Win32
	EndGlobalSection
	GlobalSection(SolutionProperties) = preSolution
		HideSolutionNode = FALSE
	EndGlobalSection
	GlobalSection(ExtensibilityGlobals) = postSolution
		SolutionGuid = {FDAAA458-EC5E-44E4-B9D6-54AB82713298}
	EndGlobalSection
EndGlobal
